
Microsoft Visual Studio Solution File, Format Version 12.00
# Visual Studio Version 17
VisualStudioVersion = 17.14.36401.2 d17.14
MinimumVisualStudioVersion = 10.0.40219.1
Project("{FAE04EC0-301F-11D3-BF4B-00C04F79EFBC}") = "TARgv24", "TARgv24.csproj", "{B9067502-F3DF-478D-9E57-20F8CDCDD469}"
EndProject
Global
	GlobalSection(SolutionConfigurationPlatforms) = preSolution
		Debug|Any CPU = Debug|Any CPU
		Release|Any CPU = Release|Any CPU
	EndGlobalSection
	GlobalSection(ProjectConfigurationPlatforms) = postSolution
		{B9067502-F3DF-478D-9E57-20F8CDCDD469}.Debug|Any CPU.ActiveCfg = Debug|Any CPU
		{B9067502-F3DF-478D-9E57-20F8CDCDD469}.Debug|Any CPU.Build.0 = Debug|Any CPU
		{B9067502-F3DF-478D-9E57-20F8CDCDD469}.Release|Any CPU.ActiveCfg = Release|Any CPU
		{B9067502-F3DF-478D-9E57-20F8CDCDD469}.Release|Any CPU.Build.0 = Release|Any CPU
	EndGlobalSection
	GlobalSection(SolutionProperties) = preSolution
		HideSolutionNode = FALSE
	EndGlobalSection
	GlobalSection(ExtensibilityGlobals) = postSolution
		SolutionGuid = {4E05CD6A-EED6-46B2-B6FA-5AC09BF544B3}
	EndGlobalSection
EndGlobal
